
Microsoft Visual Studio Solution File, Format Version 12.00
# Visual Studio Version 17
VisualStudioVersion = 17.0.31903.59
MinimumVisualStudioVersion = 10.0.40219.1
Project("{2150E333-8FDC-42A3-9474-1A3956D46DE8}") = "Server", "Server", "{DAD03CFC-D5FA-AC94-41C7-9ABAB326F09E}"
EndProject
Project("{FAE04EC0-301F-11D3-BF4B-00C04F79EFBC}") = "PoDebateRap.Shared", "Shared\PoDebateRap.Shared.csproj", "{0E5EF2F8-FDF6-4EA9-BE3C-E7369E5AF767}"
EndProject
Project("{2150E333-8FDC-42A3-9474-1A3956D46DE8}") = "Client", "Client", "{2CB42F12-E813-91B3-7D11-3220E40BEF4A}"
EndProject
Project("{FAE04EC0-301F-11D3-BF4B-00C04F79EFBC}") = "PoDebateRap.Client", "Client\PoDebateRap.Client\PoDebateRap.Client.csproj", "{05EFC5FC-B91D-47C9-8946-32F775C2C2F6}"
EndProject
Project("{FAE04EC0-301F-11D3-BF4B-00C04F79EFBC}") = "PoDebateRap.ServerApi", "Server\PoDebateRap.ServerApi\PoDebateRap.ServerApi.csproj", "{A4A58520-7D03-4092-95FF-C81E96BCDF80}"
EndProject
Project("{2150E333-8FDC-42A3-9474-1A3956D46DE8}") = "Tests", "Tests", "{0AB3BF05-4346-4AA6-1389-037BE0695223}"
EndProject
Project("{FAE04EC0-301F-11D3-BF4B-00C04F79EFBC}") = "PoDebateRap.UnitTests", "Tests\PoDebateRap.UnitTests\PoDebateRap.UnitTests.csproj", "{7B9393C2-BC17-41BB-90BD-BE943DE945E0}"
EndProject
Project("{FAE04EC0-301F-11D3-BF4B-00C04F79EFBC}") = "PoDebateRap.IntegrationTests", "Tests\PoDebateRap.IntegrationTests\PoDebateRap.IntegrationTests.csproj", "{EBC2BE76-9154-47A2-9E9B-8DDC835D3899}"
EndProject
Global
	GlobalSection(SolutionConfigurationPlatforms) = preSolution
		Debug|Any CPU = Debug|Any CPU
		Debug|x64 = Debug|x64
		Debug|x86 = Debug|x86
		Release|Any CPU = Release|Any CPU
		Release|x64 = Release|x64
		Release|x86 = Release|x86
	EndGlobalSection
	GlobalSection(ProjectConfigurationPlatforms) = postSolution
		{0E5EF2F8-FDF6-4EA9-BE3C-E7369E5AF767}.Debug|Any CPU.ActiveCfg = Debug|Any CPU
		{0E5EF2F8-FDF6-4EA9-BE3C-E7369E5AF767}.Debug|Any CPU.Build.0 = Debug|Any CPU
		{0E5EF2F8-FDF6-4EA9-BE3C-E7369E5AF767}.Debug|x64.ActiveCfg = Debug|Any CPU
		{0E5EF2F8-FDF6-4EA9-BE3C-E7369E5AF767}.Debug|x64.Build.0 = Debug|Any CPU
		{0E5EF2F8-FDF6-4EA9-BE3C-E7369E5AF767}.Debug|x86.ActiveCfg = Debug|Any CPU
		{0E5EF2F8-FDF6-4EA9-BE3C-E7369E5AF767}.Debug|x86.Build.0 = Debug|Any CPU
		{0E5EF2F8-FDF6-4EA9-BE3C-E7369E5AF767}.Release|Any CPU.ActiveCfg = Release|Any CPU
		{0E5EF2F8-FDF6-4EA9-BE3C-E7369E5AF767}.Release|Any CPU.Build.0 = Release|Any CPU
		{0E5EF2F8-FDF6-4EA9-BE3C-E7369E5AF767}.Release|x64.ActiveCfg = Release|Any CPU
		{0E5EF2F8-FDF6-4EA9-BE3C-E7369E5AF767}.Release|x64.Build.0 = Release|Any CPU
		{0E5EF2F8-FDF6-4EA9-BE3C-E7369E5AF767}.Release|x86.ActiveCfg = Release|Any CPU
		{0E5EF2F8-FDF6-4EA9-BE3C-E7369E5AF767}.Release|x86.Build.0 = Release|Any CPU
		{05EFC5FC-B91D-47C9-8946-32F775C2C2F6}.Debug|Any CPU.ActiveCfg = Debug|Any CPU
		{05EFC5FC-B91D-47C9-8946-32F775C2C2F6}.Debug|Any CPU.Build.0 = Debug|Any CPU
		{05EFC5FC-B91D-47C9-8946-32F775C2C2F6}.Debug|x64.ActiveCfg = Debug|Any CPU
		{05EFC5FC-B91D-47C9-8946-32F775C2C2F6}.Debug|x64.Build.0 = Debug|Any CPU
		{05EFC5FC-B91D-47C9-8946-32F775C2C2F6}.Debug|x86.ActiveCfg = Debug|Any CPU
		{05EFC5FC-B91D-47C9-8946-32F775C2C2F6}.Debug|x86.Build.0 = Debug|Any CPU
		{05EFC5FC-B91D-47C9-8946-32F775C2C2F6}.Release|Any CPU.ActiveCfg = Release|Any CPU
		{05EFC5FC-B91D-47C9-8946-32F775C2C2F6}.Release|Any CPU.Build.0 = Release|Any CPU
		{05EFC5FC-B91D-47C9-8946-32F775C2C2F6}.Release|x64.ActiveCfg = Release|Any CPU
		{05EFC5FC-B91D-47C9-8946-32F775C2C2F6}.Release|x64.Build.0 = Release|Any CPU
		{05EFC5FC-B91D-47C9-8946-32F775C2C2F6}.Release|x86.ActiveCfg = Release|Any CPU
		{05EFC5FC-B91D-47C9-8946-32F775C2C2F6}.Release|x86.Build.0 = Release|Any CPU
		{A4A58520-7D03-4092-95FF-C81E96BCDF80}.Debug|Any CPU.ActiveCfg = Debug|Any CPU
		{A4A58520-7D03-4092-95FF-C81E96BCDF80}.Debug|Any CPU.Build.0 = Debug|Any CPU
		{A4A58520-7D03-4092-95FF-C81E96BCDF80}.Debug|x64.ActiveCfg = Debug|Any CPU
		{A4A58520-7D03-4092-95FF-C81E96BCDF80}.Debug|x64.Build.0 = Debug|Any CPU
		{A4A58520-7D03-4092-95FF-C81E96BCDF80}.Debug|x86.ActiveCfg = Debug|Any CPU
		{A4A58520-7D03-4092-95FF-C81E96BCDF80}.Debug|x86.Build.0 = Debug|Any CPU
		{A4A58520-7D03-4092-95FF-C81E96BCDF80}.Release|Any CPU.ActiveCfg = Release|Any CPU
		{A4A58520-7D03-4092-95FF-C81E96BCDF80}.Release|Any CPU.Build.0 = Release|Any CPU
		{A4A58520-7D03-4092-95FF-C81E96BCDF80}.Release|x64.ActiveCfg = Release|Any CPU
		{A4A58520-7D03-4092-95FF-C81E96BCDF80}.Release|x64.Build.0 = Release|Any CPU
		{A4A58520-7D03-4092-95FF-C81E96BCDF80}.Release|x86.ActiveCfg = Release|Any CPU
		{A4A58520-7D03-4092-95FF-C81E96BCDF80}.Release|x86.Build.0 = Release|Any CPU
		{7B9393C2-BC17-41BB-90BD-BE943DE945E0}.Debug|Any CPU.ActiveCfg = Debug|Any CPU
		{7B9393C2-BC17-41BB-90BD-BE943DE945E0}.Debug|Any CPU.Build.0 = Debug|Any CPU
		{7B9393C2-BC17-41BB-90BD-BE943DE945E0}.Debug|x64.ActiveCfg = Debug|Any CPU
		{7B9393C2-BC17-41BB-90BD-BE943DE945E0}.Debug|x64.Build.0 = Debug|Any CPU
		{7B9393C2-BC17-41BB-90BD-BE943DE945E0}.Debug|x86.ActiveCfg = Debug|Any CPU
		{7B9393C2-BC17-41BB-90BD-BE943DE945E0}.Debug|x86.Build.0 = Debug|Any CPU
		{7B9393C2-BC17-41BB-90BD-BE943DE945E0}.Release|Any CPU.ActiveCfg = Release|Any CPU
		{7B9393C2-BC17-41BB-90BD-BE943DE945E0}.Release|Any CPU.Build.0 = Release|Any CPU
		{7B9393C2-BC17-41BB-90BD-BE943DE945E0}.Release|x64.ActiveCfg = Release|Any CPU
		{7B9393C2-BC17-41BB-90BD-BE943DE945E0}.Release|x64.Build.0 = Release|Any CPU
		{7B9393C2-BC17-41BB-90BD-BE943DE945E0}.Release|x86.ActiveCfg = Release|Any CPU
		{7B9393C2-BC17-41BB-90BD-BE943DE945E0}.Release|x86.Build.0 = Release|Any CPU
		{EBC2BE76-9154-47A2-9E9B-8DDC835D3899}.Debug|Any CPU.ActiveCfg = Debug|Any CPU
		{EBC2BE76-9154-47A2-9E9B-8DDC835D3899}.Debug|Any CPU.Build.0 = Debug|Any CPU
		{EBC2BE76-9154-47A2-9E9B-8DDC835D3899}.Debug|x64.ActiveCfg = Debug|Any CPU
		{EBC2BE76-9154-47A2-9E9B-8DDC835D3899}.Debug|x64.Build.0 = Debug|Any CPU
		{EBC2BE76-9154-47A2-9E9B-8DDC835D3899}.Debug|x86.ActiveCfg = Debug|Any CPU
		{EBC2BE76-9154-47A2-9E9B-8DDC835D3899}.Debug|x86.Build.0 = Debug|Any CPU
		{EBC2BE76-9154-47A2-9E9B-8DDC835D3899}.Release|Any CPU.ActiveCfg = Release|Any CPU
		{EBC2BE76-9154-47A2-9E9B-8DDC835D3899}.Release|Any CPU.Build.0 = Release|Any CPU
		{EBC2BE76-9154-47A2-9E9B-8DDC835D3899}.Release|x64.ActiveCfg = Release|Any CPU
		{EBC2BE76-9154-47A2-9E9B-8DDC835D3899}.Release|x64.Build.0 = Release|Any CPU
		{EBC2BE76-9154-47A2-9E9B-8DDC835D3899}.Release|x86.ActiveCfg = Release|Any CPU
		{EBC2BE76-9154-47A2-9E9B-8DDC835D3899}.Release|x86.Build.0 = Release|Any CPU
	EndGlobalSection
	GlobalSection(SolutionProperties) = preSolution
		HideSolutionNode = FALSE
	EndGlobalSection
	GlobalSection(NestedProjects) = preSolution
		{0E5EF2F8-FDF6-4EA9-BE3C-E7369E5AF767} = {DAD03CFC-D5FA-AC94-41C7-9ABAB326F09E}
		{05EFC5FC-B91D-47C9-8946-32F775C2C2F6} = {2CB42F12-E813-91B3-7D11-3220E40BEF4A}
		{A4A58520-7D03-4092-95FF-C81E96BCDF80} = {DAD03CFC-D5FA-AC94-41C7-9ABAB326F09E}
		{7B9393C2-BC17-41BB-90BD-BE943DE945E0} = {0AB3BF05-4346-4AA6-1389-037BE0695223}
		{EBC2BE76-9154-47A2-9E9B-8DDC835D3899} = {0AB3BF05-4346-4AA6-1389-037BE0695223}
	EndGlobalSection
EndGlobal
